{
  "object": {
    "pins": [
      {
        "package": "ShellOut",
        "repositoryURL": "https://github.com/JohnSundell/ShellOut.git",
        "state": {
          "branch": null,
          "revision": "e1577acf2b6e90086d01a6d5e2b8efdaae033568",
          "version": "2.3.0"
        }
      },
      {
        "package": "swift-argument-parser",
        "repositoryURL": "https://github.com/apple/swift-argument-parser",
        "state": {
          "branch": null,
          "revision": "3d79b2b5a2e5af52c14e462044702ea7728f5770",
          "version": "0.1.0"
        }
      },
      {
        "package": "SwiftColor",
        "repositoryURL": "https://github.com/richardpiazza/SwiftColor.git",
        "state": {
          "branch": null,
          "revision": "34a2c06341cb5aba6a7b0811243c88c284eaa50e",
          "version": "0.1.3"
        }
      },
      {
        "package": "SwiftSVG",
        "repositoryURL": "https://github.com/richardpiazza/SwiftSVG.git",
        "state": {
          "branch": null,
          "revision": "d0a575bf153e4a3586517c86caff4999b0863bd2",
          "version": "0.7.1"
        }
      },
      {
        "package": "XMLCoder",
        "repositoryURL": "https://github.com/MaxDesiatov/XMLCoder.git",
        "state": {
          "branch": null,
          "revision": "ac411bd6ab342780be0dfe6f679410f791d751d9",
          "version": "0.11.1"
        }
      }
    ]
  },
  "version": 1
}
